
Microsoft Visual Studio Solution File, Format Version 12.00
# Visual Studio Version 16
VisualStudioVersion = 16.0.31702.278
MinimumVisualStudioVersion = 10.0.40219.1
Project("{9A19103F-16F7-4668-BE54-9A1E7A4F7556}") = "Hackerme.UI", "Hackerme.UI\Hackerme.UI.csproj", "{09F778B0-7E9A-4478-934A-62EDA53E3126}"
EndProject
Project("{9A19103F-16F7-4668-BE54-9A1E7A4F7556}") = "Hackerme.Infrastructure.Entities", "Hackerme.Infrastructure.Entities\Hackerme.Infrastructure.Entities.csproj", "{79780B18-C1FE-4E31-9667-1004BC6AD15C}"
EndProject
Project("{FAE04EC0-301F-11D3-BF4B-00C04F79EFBC}") = "Hackerme.DB", "Hackerme.DB\Hackerme.DB.csproj", "{252F545A-C39A-4169-91A1-82C1348ECC8F}"
EndProject
Global
	GlobalSection(SolutionConfigurationPlatforms) = preSolution
		Debug|Any CPU = Debug|Any CPU
		Release|Any CPU = Release|Any CPU
	EndGlobalSection
	GlobalSection(ProjectConfigurationPlatforms) = postSolution
		{09F778B0-7E9A-4478-934A-62EDA53E3126}.Debug|Any CPU.ActiveCfg = Debug|Any CPU
		{09F778B0-7E9A-4478-934A-62EDA53E3126}.Debug|Any CPU.Build.0 = Debug|Any CPU
		{09F778B0-7E9A-4478-934A-62EDA53E3126}.Release|Any CPU.ActiveCfg = Release|Any CPU
		{09F778B0-7E9A-4478-934A-62EDA53E3126}.Release|Any CPU.Build.0 = Release|Any CPU
		{79780B18-C1FE-4E31-9667-1004BC6AD15C}.Debug|Any CPU.ActiveCfg = Debug|Any CPU
		{79780B18-C1FE-4E31-9667-1004BC6AD15C}.Debug|Any CPU.Build.0 = Debug|Any CPU
		{79780B18-C1FE-4E31-9667-1004BC6AD15C}.Release|Any CPU.ActiveCfg = Release|Any CPU
		{79780B18-C1FE-4E31-9667-1004BC6AD15C}.Release|Any CPU.Build.0 = Release|Any CPU
		{252F545A-C39A-4169-91A1-82C1348ECC8F}.Debug|Any CPU.ActiveCfg = Debug|Any CPU
		{252F545A-C39A-4169-91A1-82C1348ECC8F}.Debug|Any CPU.Build.0 = Debug|Any CPU
		{252F545A-C39A-4169-91A1-82C1348ECC8F}.Release|Any CPU.ActiveCfg = Release|Any CPU
		{252F545A-C39A-4169-91A1-82C1348ECC8F}.Release|Any CPU.Build.0 = Release|Any CPU
	EndGlobalSection
	GlobalSection(SolutionProperties) = preSolution
		HideSolutionNode = FALSE
	EndGlobalSection
	GlobalSection(ExtensibilityGlobals) = postSolution
		SolutionGuid = {E5F9D040-85B7-42AB-B387-F6997BE7F1A0}
	EndGlobalSection
EndGlobal
