
Microsoft Visual Studio Solution File, Format Version 12.00
# Visual Studio Version 16
VisualStudioVersion = 16.0.31613.86
MinimumVisualStudioVersion = 10.0.40219.1
Project("{FAE04EC0-301F-11D3-BF4B-00C04F79EFBC}") = "UI and mini systems HW", "UI and mini systems HW\UI and mini systems HW.csproj", "{9A976BE7-B1BC-4D86-8A2B-90019F3AE78F}"
EndProject
Project("{FAE04EC0-301F-11D3-BF4B-00C04F79EFBC}") = "Hackerme.DB", "Hackerme.DB\Hackerme.DB.csproj", "{02998AB3-9357-4DEE-8299-E643F5B0B7A4}"
EndProject
Global
	GlobalSection(SolutionConfigurationPlatforms) = preSolution
		Debug|Any CPU = Debug|Any CPU
		Release|Any CPU = Release|Any CPU
	EndGlobalSection
	GlobalSection(ProjectConfigurationPlatforms) = postSolution
		{9A976BE7-B1BC-4D86-8A2B-90019F3AE78F}.Debug|Any CPU.ActiveCfg = Debug|Any CPU
		{9A976BE7-B1BC-4D86-8A2B-90019F3AE78F}.Debug|Any CPU.Build.0 = Debug|Any CPU
		{9A976BE7-B1BC-4D86-8A2B-90019F3AE78F}.Release|Any CPU.ActiveCfg = Release|Any CPU
		{9A976BE7-B1BC-4D86-8A2B-90019F3AE78F}.Release|Any CPU.Build.0 = Release|Any CPU
		{02998AB3-9357-4DEE-8299-E643F5B0B7A4}.Debug|Any CPU.ActiveCfg = Debug|Any CPU
		{02998AB3-9357-4DEE-8299-E643F5B0B7A4}.Debug|Any CPU.Build.0 = Debug|Any CPU
		{02998AB3-9357-4DEE-8299-E643F5B0B7A4}.Release|Any CPU.ActiveCfg = Release|Any CPU
		{02998AB3-9357-4DEE-8299-E643F5B0B7A4}.Release|Any CPU.Build.0 = Release|Any CPU
	EndGlobalSection
	GlobalSection(SolutionProperties) = preSolution
		HideSolutionNode = FALSE
	EndGlobalSection
	GlobalSection(ExtensibilityGlobals) = postSolution
		SolutionGuid = {A090CBD9-9724-49AD-8A8C-DB28A452E6BB}
	EndGlobalSection
EndGlobal
